
Microsoft Visual Studio Solution File, Format Version 12.00
# Visual Studio 14
VisualStudioVersion = 14.0.25123.0
MinimumVisualStudioVersion = 10.0.40219.1
Project("{FAE04EC0-301F-11D3-BF4B-00C04F79EFBC}") = "QuotesStrings", "QuotesStrings\QuotesStrings.csproj", "{30D47547-B96A-479F-AD7B-252C436256C3}"
EndProject
Project("{FAE04EC0-301F-11D3-BF4B-00C04F79EFBC}") = "ComparingFloats", "ComparingFloats\ComparingFloats.csproj", "{B00087AE-29AA-4595-A345-E970AF300023}"
EndProject
Project("{FAE04EC0-301F-11D3-BF4B-00C04F79EFBC}") = "DeclareVariables", "DeclareVariables\DeclareVariables.csproj", "{BBD8A01E-5945-4760-8EA1-7005B9DD46C1}"
EndProject
Project("{FAE04EC0-301F-11D3-BF4B-00C04F79EFBC}") = "FloatOrDouble", "FloatOrDouble\FloatOrDouble.csproj", "{90BCE413-AB86-44C1-BA8D-4BCE8FDBB145}"
EndProject
Project("{FAE04EC0-301F-11D3-BF4B-00C04F79EFBC}") = "VariableHexaFormat", "VariableHexaFormat\VariableHexaFormat.csproj", "{91A2C869-ADCF-4F0F-851B-4FBA8A1210EC}"
EndProject
Project("{FAE04EC0-301F-11D3-BF4B-00C04F79EFBC}") = "UnicodeCharacter", "UnicodeCharacter\UnicodeCharacter.csproj", "{9BEEFE8E-9410-4C70-935C-76BD7FD58391}"
EndProject
Global
	GlobalSection(SolutionConfigurationPlatforms) = preSolution
		Debug|Any CPU = Debug|Any CPU
		Release|Any CPU = Release|Any CPU
	EndGlobalSection
	GlobalSection(ProjectConfigurationPlatforms) = postSolution
		{30D47547-B96A-479F-AD7B-252C436256C3}.Debug|Any CPU.ActiveCfg = Debug|Any CPU
		{30D47547-B96A-479F-AD7B-252C436256C3}.Debug|Any CPU.Build.0 = Debug|Any CPU
		{30D47547-B96A-479F-AD7B-252C436256C3}.Release|Any CPU.ActiveCfg = Release|Any CPU
		{30D47547-B96A-479F-AD7B-252C436256C3}.Release|Any CPU.Build.0 = Release|Any CPU
		{B00087AE-29AA-4595-A345-E970AF300023}.Debug|Any CPU.ActiveCfg = Debug|Any CPU
		{B00087AE-29AA-4595-A345-E970AF300023}.Debug|Any CPU.Build.0 = Debug|Any CPU
		{B00087AE-29AA-4595-A345-E970AF300023}.Release|Any CPU.ActiveCfg = Release|Any CPU
		{B00087AE-29AA-4595-A345-E970AF300023}.Release|Any CPU.Build.0 = Release|Any CPU
		{BBD8A01E-5945-4760-8EA1-7005B9DD46C1}.Debug|Any CPU.ActiveCfg = Debug|Any CPU
		{BBD8A01E-5945-4760-8EA1-7005B9DD46C1}.Debug|Any CPU.Build.0 = Debug|Any CPU
		{BBD8A01E-5945-4760-8EA1-7005B9DD46C1}.Release|Any CPU.ActiveCfg = Release|Any CPU
		{BBD8A01E-5945-4760-8EA1-7005B9DD46C1}.Release|Any CPU.Build.0 = Release|Any CPU
		{90BCE413-AB86-44C1-BA8D-4BCE8FDBB145}.Debug|Any CPU.ActiveCfg = Debug|Any CPU
		{90BCE413-AB86-44C1-BA8D-4BCE8FDBB145}.Debug|Any CPU.Build.0 = Debug|Any CPU
		{90BCE413-AB86-44C1-BA8D-4BCE8FDBB145}.Release|Any CPU.ActiveCfg = Release|Any CPU
		{90BCE413-AB86-44C1-BA8D-4BCE8FDBB145}.Release|Any CPU.Build.0 = Release|Any CPU
		{91A2C869-ADCF-4F0F-851B-4FBA8A1210EC}.Debug|Any CPU.ActiveCfg = Debug|Any CPU
		{91A2C869-ADCF-4F0F-851B-4FBA8A1210EC}.Debug|Any CPU.Build.0 = Debug|Any CPU
		{91A2C869-ADCF-4F0F-851B-4FBA8A1210EC}.Release|Any CPU.ActiveCfg = Release|Any CPU
		{91A2C869-ADCF-4F0F-851B-4FBA8A1210EC}.Release|Any CPU.Build.0 = Release|Any CPU
		{9BEEFE8E-9410-4C70-935C-76BD7FD58391}.Debug|Any CPU.ActiveCfg = Debug|Any CPU
		{9BEEFE8E-9410-4C70-935C-76BD7FD58391}.Debug|Any CPU.Build.0 = Debug|Any CPU
		{9BEEFE8E-9410-4C70-935C-76BD7FD58391}.Release|Any CPU.ActiveCfg = Release|Any CPU
		{9BEEFE8E-9410-4C70-935C-76BD7FD58391}.Release|Any CPU.Build.0 = Release|Any CPU
	EndGlobalSection
	GlobalSection(SolutionProperties) = preSolution
		HideSolutionNode = FALSE
	EndGlobalSection
EndGlobal
