
Microsoft Visual Studio Solution File, Format Version 12.00
# Visual Studio 14
VisualStudioVersion = 14.0.25123.0
MinimumVisualStudioVersion = 10.0.40219.1
Project("{FAE04EC0-301F-11D3-BF4B-00C04F79EFBC}") = "03. ReverseString", "ReverseString\03. ReverseString.csproj", "{195C9F55-33C3-43A1-B498-D8B86668120A}"
EndProject
Project("{FAE04EC0-301F-11D3-BF4B-00C04F79EFBC}") = "02. CheckBrackets", "CheckBrackets\02. CheckBrackets.csproj", "{E499588F-C1F0-4463-B62D-291174285720}"
EndProject
Project("{FAE04EC0-301F-11D3-BF4B-00C04F79EFBC}") = "07. SubstringInText", "SubstringInText\07. SubstringInText.csproj", "{4D46D444-56AD-4974-A835-221FC69AC78B}"
EndProject
Project("{FAE04EC0-301F-11D3-BF4B-00C04F79EFBC}") = "04. ParseTags", "ParseTags\04. ParseTags.csproj", "{3664785F-1E7E-44F2-B0AE-B20D111EEA48}"
EndProject
Project("{FAE04EC0-301F-11D3-BF4B-00C04F79EFBC}") = "05. StringLength", "StringLength\05. StringLength.csproj", "{4F72615B-7AE6-438B-B2BB-E7499284A0D9}"
EndProject
Project("{FAE04EC0-301F-11D3-BF4B-00C04F79EFBC}") = "06. EncodingDecoding", "EncodingDecoding\06. EncodingDecoding.csproj", "{51818358-6532-40D5-82E4-C113A3895D1D}"
EndProject
Project("{FAE04EC0-301F-11D3-BF4B-00C04F79EFBC}") = "10. UnicodeChars", "UnicodeChars\10. UnicodeChars.csproj", "{D274DBB1-C21B-4EC6-8B39-5C994541381B}"
EndProject
Project("{FAE04EC0-301F-11D3-BF4B-00C04F79EFBC}") = "12. URLParse", "URLParse\12. URLParse.csproj", "{2F714DD9-7B68-4E6E-8A10-1AB0BD5D7EA9}"
EndProject
Global
	GlobalSection(SolutionConfigurationPlatforms) = preSolution
		Debug|Any CPU = Debug|Any CPU
		Release|Any CPU = Release|Any CPU
	EndGlobalSection
	GlobalSection(ProjectConfigurationPlatforms) = postSolution
		{195C9F55-33C3-43A1-B498-D8B86668120A}.Debug|Any CPU.ActiveCfg = Debug|Any CPU
		{195C9F55-33C3-43A1-B498-D8B86668120A}.Debug|Any CPU.Build.0 = Debug|Any CPU
		{195C9F55-33C3-43A1-B498-D8B86668120A}.Release|Any CPU.ActiveCfg = Release|Any CPU
		{195C9F55-33C3-43A1-B498-D8B86668120A}.Release|Any CPU.Build.0 = Release|Any CPU
		{E499588F-C1F0-4463-B62D-291174285720}.Debug|Any CPU.ActiveCfg = Debug|Any CPU
		{E499588F-C1F0-4463-B62D-291174285720}.Debug|Any CPU.Build.0 = Debug|Any CPU
		{E499588F-C1F0-4463-B62D-291174285720}.Release|Any CPU.ActiveCfg = Release|Any CPU
		{E499588F-C1F0-4463-B62D-291174285720}.Release|Any CPU.Build.0 = Release|Any CPU
		{4D46D444-56AD-4974-A835-221FC69AC78B}.Debug|Any CPU.ActiveCfg = Debug|Any CPU
		{4D46D444-56AD-4974-A835-221FC69AC78B}.Debug|Any CPU.Build.0 = Debug|Any CPU
		{4D46D444-56AD-4974-A835-221FC69AC78B}.Release|Any CPU.ActiveCfg = Release|Any CPU
		{4D46D444-56AD-4974-A835-221FC69AC78B}.Release|Any CPU.Build.0 = Release|Any CPU
		{3664785F-1E7E-44F2-B0AE-B20D111EEA48}.Debug|Any CPU.ActiveCfg = Debug|Any CPU
		{3664785F-1E7E-44F2-B0AE-B20D111EEA48}.Debug|Any CPU.Build.0 = Debug|Any CPU
		{3664785F-1E7E-44F2-B0AE-B20D111EEA48}.Release|Any CPU.ActiveCfg = Release|Any CPU
		{3664785F-1E7E-44F2-B0AE-B20D111EEA48}.Release|Any CPU.Build.0 = Release|Any CPU
		{4F72615B-7AE6-438B-B2BB-E7499284A0D9}.Debug|Any CPU.ActiveCfg = Debug|Any CPU
		{4F72615B-7AE6-438B-B2BB-E7499284A0D9}.Debug|Any CPU.Build.0 = Debug|Any CPU
		{4F72615B-7AE6-438B-B2BB-E7499284A0D9}.Release|Any CPU.ActiveCfg = Release|Any CPU
		{4F72615B-7AE6-438B-B2BB-E7499284A0D9}.Release|Any CPU.Build.0 = Release|Any CPU
		{51818358-6532-40D5-82E4-C113A3895D1D}.Debug|Any CPU.ActiveCfg = Debug|Any CPU
		{51818358-6532-40D5-82E4-C113A3895D1D}.Debug|Any CPU.Build.0 = Debug|Any CPU
		{51818358-6532-40D5-82E4-C113A3895D1D}.Release|Any CPU.ActiveCfg = Release|Any CPU
		{51818358-6532-40D5-82E4-C113A3895D1D}.Release|Any CPU.Build.0 = Release|Any CPU
		{D274DBB1-C21B-4EC6-8B39-5C994541381B}.Debug|Any CPU.ActiveCfg = Debug|Any CPU
		{D274DBB1-C21B-4EC6-8B39-5C994541381B}.Debug|Any CPU.Build.0 = Debug|Any CPU
		{D274DBB1-C21B-4EC6-8B39-5C994541381B}.Release|Any CPU.ActiveCfg = Release|Any CPU
		{D274DBB1-C21B-4EC6-8B39-5C994541381B}.Release|Any CPU.Build.0 = Release|Any CPU
		{2F714DD9-7B68-4E6E-8A10-1AB0BD5D7EA9}.Debug|Any CPU.ActiveCfg = Debug|Any CPU
		{2F714DD9-7B68-4E6E-8A10-1AB0BD5D7EA9}.Debug|Any CPU.Build.0 = Debug|Any CPU
		{2F714DD9-7B68-4E6E-8A10-1AB0BD5D7EA9}.Release|Any CPU.ActiveCfg = Release|Any CPU
		{2F714DD9-7B68-4E6E-8A10-1AB0BD5D7EA9}.Release|Any CPU.Build.0 = Release|Any CPU
	EndGlobalSection
	GlobalSection(SolutionProperties) = preSolution
		HideSolutionNode = FALSE
	EndGlobalSection
EndGlobal
