
Microsoft Visual Studio Solution File, Format Version 12.00
# Visual Studio 14
VisualStudioVersion = 14.0.25123.0
MinimumVisualStudioVersion = 10.0.40219.1
Project("{FAE04EC0-301F-11D3-BF4B-00C04F79EFBC}") = "ThirdDigit", "ThirdDigit\ThirdDigit.csproj", "{11DAD92B-9581-4FE9-8E3C-8E35054DEF6B}"
EndProject
Project("{FAE04EC0-301F-11D3-BF4B-00C04F79EFBC}") = "FourDigits", "FourDigits\FourDigits.csproj", "{A51F8E25-A9EA-4CFD-92B5-3BC7560F6D6E}"
EndProject
Project("{FAE04EC0-301F-11D3-BF4B-00C04F79EFBC}") = "PointInCircle", "PointInCircle\PointInCircle.csproj", "{FCE9CACF-A67F-49CA-9B20-465F3CE04C4D}"
EndProject
Project("{FAE04EC0-301F-11D3-BF4B-00C04F79EFBC}") = "PrimeCheck", "PrimeCheck\PrimeCheck.csproj", "{6A33F172-FDB3-49D1-97EF-AA572B3107B8}"
EndProject
Project("{FAE04EC0-301F-11D3-BF4B-00C04F79EFBC}") = "Trapezoids", "Trapezoids\Trapezoids.csproj", "{71F67C1C-6D13-4655-80DF-1555264CE188}"
EndProject
Project("{FAE04EC0-301F-11D3-BF4B-00C04F79EFBC}") = "PointCircleRectangle", "PointCircleRectangle\PointCircleRectangle.csproj", "{9594EC90-C3C4-4854-9F41-12473DA36AE0}"
EndProject
Project("{FAE04EC0-301F-11D3-BF4B-00C04F79EFBC}") = "ThirdBit", "ThirdBit\ThirdBit.csproj", "{C4694B79-1AC6-45F2-BBD1-85B4A5F3FE2E}"
EndProject
Project("{FAE04EC0-301F-11D3-BF4B-00C04F79EFBC}") = "NthBit", "NthBit\NthBit.csproj", "{D3CA3428-C6F9-45FF-A864-87AF9BBD6464}"
EndProject
Project("{FAE04EC0-301F-11D3-BF4B-00C04F79EFBC}") = "ModifyBit", "ModifyBit\ModifyBit.csproj", "{D4F85EC9-8B15-44A6-A566-2794901C4CE3}"
EndProject
Project("{FAE04EC0-301F-11D3-BF4B-00C04F79EFBC}") = "BitExchange", "BitExchange\BitExchange.csproj", "{A6558399-CF43-495F-838D-7FABAA5D4F36}"
EndProject
Project("{FAE04EC0-301F-11D3-BF4B-00C04F79EFBC}") = "BitSwap", "BitSwap\BitSwap.csproj", "{482A90AF-6004-47E8-9B38-77CA1816EF18}"
EndProject
Project("{FAE04EC0-301F-11D3-BF4B-00C04F79EFBC}") = "OddOrEven", "OddOrEven\OddOrEven.csproj", "{E1D871DC-0A33-40F8-9B64-8C76A881ACBB}"
EndProject
Project("{FAE04EC0-301F-11D3-BF4B-00C04F79EFBC}") = "MoonGravity", "MoonGravity\MoonGravity.csproj", "{1AB86A0F-BD0D-4C1D-9371-2CBD9634AE5C}"
EndProject
Project("{FAE04EC0-301F-11D3-BF4B-00C04F79EFBC}") = "DividedBySevenAndFIve", "DividedBySevenAndFIve\DividedBySevenAndFIve.csproj", "{9BF0017C-2351-49FB-9180-4E733FC9F5A3}"
EndProject
Project("{FAE04EC0-301F-11D3-BF4B-00C04F79EFBC}") = "Rectangles", "Rectangles\Rectangles.csproj", "{CB74E0F8-9A82-4118-9A8D-E6EE1875ED56}"
EndProject
Global
	GlobalSection(SolutionConfigurationPlatforms) = preSolution
		Debug|Any CPU = Debug|Any CPU
		Release|Any CPU = Release|Any CPU
	EndGlobalSection
	GlobalSection(ProjectConfigurationPlatforms) = postSolution
		{11DAD92B-9581-4FE9-8E3C-8E35054DEF6B}.Debug|Any CPU.ActiveCfg = Debug|Any CPU
		{11DAD92B-9581-4FE9-8E3C-8E35054DEF6B}.Debug|Any CPU.Build.0 = Debug|Any CPU
		{11DAD92B-9581-4FE9-8E3C-8E35054DEF6B}.Release|Any CPU.ActiveCfg = Release|Any CPU
		{11DAD92B-9581-4FE9-8E3C-8E35054DEF6B}.Release|Any CPU.Build.0 = Release|Any CPU
		{A51F8E25-A9EA-4CFD-92B5-3BC7560F6D6E}.Debug|Any CPU.ActiveCfg = Debug|Any CPU
		{A51F8E25-A9EA-4CFD-92B5-3BC7560F6D6E}.Debug|Any CPU.Build.0 = Debug|Any CPU
		{A51F8E25-A9EA-4CFD-92B5-3BC7560F6D6E}.Release|Any CPU.ActiveCfg = Release|Any CPU
		{A51F8E25-A9EA-4CFD-92B5-3BC7560F6D6E}.Release|Any CPU.Build.0 = Release|Any CPU
		{FCE9CACF-A67F-49CA-9B20-465F3CE04C4D}.Debug|Any CPU.ActiveCfg = Debug|Any CPU
		{FCE9CACF-A67F-49CA-9B20-465F3CE04C4D}.Debug|Any CPU.Build.0 = Debug|Any CPU
		{FCE9CACF-A67F-49CA-9B20-465F3CE04C4D}.Release|Any CPU.ActiveCfg = Release|Any CPU
		{FCE9CACF-A67F-49CA-9B20-465F3CE04C4D}.Release|Any CPU.Build.0 = Release|Any CPU
		{6A33F172-FDB3-49D1-97EF-AA572B3107B8}.Debug|Any CPU.ActiveCfg = Debug|Any CPU
		{6A33F172-FDB3-49D1-97EF-AA572B3107B8}.Debug|Any CPU.Build.0 = Debug|Any CPU
		{6A33F172-FDB3-49D1-97EF-AA572B3107B8}.Release|Any CPU.ActiveCfg = Release|Any CPU
		{6A33F172-FDB3-49D1-97EF-AA572B3107B8}.Release|Any CPU.Build.0 = Release|Any CPU
		{71F67C1C-6D13-4655-80DF-1555264CE188}.Debug|Any CPU.ActiveCfg = Debug|Any CPU
		{71F67C1C-6D13-4655-80DF-1555264CE188}.Debug|Any CPU.Build.0 = Debug|Any CPU
		{71F67C1C-6D13-4655-80DF-1555264CE188}.Release|Any CPU.ActiveCfg = Release|Any CPU
		{71F67C1C-6D13-4655-80DF-1555264CE188}.Release|Any CPU.Build.0 = Release|Any CPU
		{9594EC90-C3C4-4854-9F41-12473DA36AE0}.Debug|Any CPU.ActiveCfg = Debug|Any CPU
		{9594EC90-C3C4-4854-9F41-12473DA36AE0}.Debug|Any CPU.Build.0 = Debug|Any CPU
		{9594EC90-C3C4-4854-9F41-12473DA36AE0}.Release|Any CPU.ActiveCfg = Release|Any CPU
		{9594EC90-C3C4-4854-9F41-12473DA36AE0}.Release|Any CPU.Build.0 = Release|Any CPU
		{C4694B79-1AC6-45F2-BBD1-85B4A5F3FE2E}.Debug|Any CPU.ActiveCfg = Debug|Any CPU
		{C4694B79-1AC6-45F2-BBD1-85B4A5F3FE2E}.Debug|Any CPU.Build.0 = Debug|Any CPU
		{C4694B79-1AC6-45F2-BBD1-85B4A5F3FE2E}.Release|Any CPU.ActiveCfg = Release|Any CPU
		{C4694B79-1AC6-45F2-BBD1-85B4A5F3FE2E}.Release|Any CPU.Build.0 = Release|Any CPU
		{D3CA3428-C6F9-45FF-A864-87AF9BBD6464}.Debug|Any CPU.ActiveCfg = Debug|Any CPU
		{D3CA3428-C6F9-45FF-A864-87AF9BBD6464}.Debug|Any CPU.Build.0 = Debug|Any CPU
		{D3CA3428-C6F9-45FF-A864-87AF9BBD6464}.Release|Any CPU.ActiveCfg = Release|Any CPU
		{D3CA3428-C6F9-45FF-A864-87AF9BBD6464}.Release|Any CPU.Build.0 = Release|Any CPU
		{D4F85EC9-8B15-44A6-A566-2794901C4CE3}.Debug|Any CPU.ActiveCfg = Debug|Any CPU
		{D4F85EC9-8B15-44A6-A566-2794901C4CE3}.Debug|Any CPU.Build.0 = Debug|Any CPU
		{D4F85EC9-8B15-44A6-A566-2794901C4CE3}.Release|Any CPU.ActiveCfg = Release|Any CPU
		{D4F85EC9-8B15-44A6-A566-2794901C4CE3}.Release|Any CPU.Build.0 = Release|Any CPU
		{A6558399-CF43-495F-838D-7FABAA5D4F36}.Debug|Any CPU.ActiveCfg = Debug|Any CPU
		{A6558399-CF43-495F-838D-7FABAA5D4F36}.Debug|Any CPU.Build.0 = Debug|Any CPU
		{A6558399-CF43-495F-838D-7FABAA5D4F36}.Release|Any CPU.ActiveCfg = Release|Any CPU
		{A6558399-CF43-495F-838D-7FABAA5D4F36}.Release|Any CPU.Build.0 = Release|Any CPU
		{482A90AF-6004-47E8-9B38-77CA1816EF18}.Debug|Any CPU.ActiveCfg = Debug|Any CPU
		{482A90AF-6004-47E8-9B38-77CA1816EF18}.Debug|Any CPU.Build.0 = Debug|Any CPU
		{482A90AF-6004-47E8-9B38-77CA1816EF18}.Release|Any CPU.ActiveCfg = Release|Any CPU
		{482A90AF-6004-47E8-9B38-77CA1816EF18}.Release|Any CPU.Build.0 = Release|Any CPU
		{E1D871DC-0A33-40F8-9B64-8C76A881ACBB}.Debug|Any CPU.ActiveCfg = Debug|Any CPU
		{E1D871DC-0A33-40F8-9B64-8C76A881ACBB}.Debug|Any CPU.Build.0 = Debug|Any CPU
		{E1D871DC-0A33-40F8-9B64-8C76A881ACBB}.Release|Any CPU.ActiveCfg = Release|Any CPU
		{E1D871DC-0A33-40F8-9B64-8C76A881ACBB}.Release|Any CPU.Build.0 = Release|Any CPU
		{1AB86A0F-BD0D-4C1D-9371-2CBD9634AE5C}.Debug|Any CPU.ActiveCfg = Debug|Any CPU
		{1AB86A0F-BD0D-4C1D-9371-2CBD9634AE5C}.Debug|Any CPU.Build.0 = Debug|Any CPU
		{1AB86A0F-BD0D-4C1D-9371-2CBD9634AE5C}.Release|Any CPU.ActiveCfg = Release|Any CPU
		{1AB86A0F-BD0D-4C1D-9371-2CBD9634AE5C}.Release|Any CPU.Build.0 = Release|Any CPU
		{9BF0017C-2351-49FB-9180-4E733FC9F5A3}.Debug|Any CPU.ActiveCfg = Debug|Any CPU
		{9BF0017C-2351-49FB-9180-4E733FC9F5A3}.Debug|Any CPU.Build.0 = Debug|Any CPU
		{9BF0017C-2351-49FB-9180-4E733FC9F5A3}.Release|Any CPU.ActiveCfg = Release|Any CPU
		{9BF0017C-2351-49FB-9180-4E733FC9F5A3}.Release|Any CPU.Build.0 = Release|Any CPU
		{CB74E0F8-9A82-4118-9A8D-E6EE1875ED56}.Debug|Any CPU.ActiveCfg = Debug|Any CPU
		{CB74E0F8-9A82-4118-9A8D-E6EE1875ED56}.Debug|Any CPU.Build.0 = Debug|Any CPU
		{CB74E0F8-9A82-4118-9A8D-E6EE1875ED56}.Release|Any CPU.ActiveCfg = Release|Any CPU
		{CB74E0F8-9A82-4118-9A8D-E6EE1875ED56}.Release|Any CPU.Build.0 = Release|Any CPU
	EndGlobalSection
	GlobalSection(SolutionProperties) = preSolution
		HideSolutionNode = FALSE
	EndGlobalSection
EndGlobal
