
Microsoft Visual Studio Solution File, Format Version 12.00
# Visual Studio 14
VisualStudioVersion = 14.0.25123.0
MinimumVisualStudioVersion = 10.0.40219.1
Project("{FAE04EC0-301F-11D3-BF4B-00C04F79EFBC}") = "Printing", "Printing\Printing.csproj", "{75FA4DF2-3047-4B5B-A0ED-A7F22CD50666}"
EndProject
Project("{FAE04EC0-301F-11D3-BF4B-00C04F79EFBC}") = "TextToNumber", "TextToNumber\TextToNumber.csproj", "{0166685C-CA7C-4040-A81B-5403685868CF}"
EndProject
Project("{FAE04EC0-301F-11D3-BF4B-00C04F79EFBC}") = "SaddyKopper", "SaddyKopper\SaddyKopper.csproj", "{7FBB0331-C41E-47D2-B22E-19623135689C}"
EndProject
Project("{FAE04EC0-301F-11D3-BF4B-00C04F79EFBC}") = "Cube", "Cube\Cube.csproj", "{408B6993-1381-4144-97C5-08BA1EA691CB}"
EndProject
Project("{FAE04EC0-301F-11D3-BF4B-00C04F79EFBC}") = "BitsToBits", "BitsToBits\BitsToBits.csproj", "{328AF536-F82D-448A-81F7-AFB600B05638}"
EndProject
Global
	GlobalSection(SolutionConfigurationPlatforms) = preSolution
		Debug|Any CPU = Debug|Any CPU
		Release|Any CPU = Release|Any CPU
	EndGlobalSection
	GlobalSection(ProjectConfigurationPlatforms) = postSolution
		{75FA4DF2-3047-4B5B-A0ED-A7F22CD50666}.Debug|Any CPU.ActiveCfg = Debug|Any CPU
		{75FA4DF2-3047-4B5B-A0ED-A7F22CD50666}.Debug|Any CPU.Build.0 = Debug|Any CPU
		{75FA4DF2-3047-4B5B-A0ED-A7F22CD50666}.Release|Any CPU.ActiveCfg = Release|Any CPU
		{75FA4DF2-3047-4B5B-A0ED-A7F22CD50666}.Release|Any CPU.Build.0 = Release|Any CPU
		{0166685C-CA7C-4040-A81B-5403685868CF}.Debug|Any CPU.ActiveCfg = Debug|Any CPU
		{0166685C-CA7C-4040-A81B-5403685868CF}.Debug|Any CPU.Build.0 = Debug|Any CPU
		{0166685C-CA7C-4040-A81B-5403685868CF}.Release|Any CPU.ActiveCfg = Release|Any CPU
		{0166685C-CA7C-4040-A81B-5403685868CF}.Release|Any CPU.Build.0 = Release|Any CPU
		{7FBB0331-C41E-47D2-B22E-19623135689C}.Debug|Any CPU.ActiveCfg = Debug|Any CPU
		{7FBB0331-C41E-47D2-B22E-19623135689C}.Debug|Any CPU.Build.0 = Debug|Any CPU
		{7FBB0331-C41E-47D2-B22E-19623135689C}.Release|Any CPU.ActiveCfg = Release|Any CPU
		{7FBB0331-C41E-47D2-B22E-19623135689C}.Release|Any CPU.Build.0 = Release|Any CPU
		{408B6993-1381-4144-97C5-08BA1EA691CB}.Debug|Any CPU.ActiveCfg = Debug|Any CPU
		{408B6993-1381-4144-97C5-08BA1EA691CB}.Debug|Any CPU.Build.0 = Debug|Any CPU
		{408B6993-1381-4144-97C5-08BA1EA691CB}.Release|Any CPU.ActiveCfg = Release|Any CPU
		{408B6993-1381-4144-97C5-08BA1EA691CB}.Release|Any CPU.Build.0 = Release|Any CPU
		{328AF536-F82D-448A-81F7-AFB600B05638}.Debug|Any CPU.ActiveCfg = Debug|Any CPU
		{328AF536-F82D-448A-81F7-AFB600B05638}.Debug|Any CPU.Build.0 = Debug|Any CPU
		{328AF536-F82D-448A-81F7-AFB600B05638}.Release|Any CPU.ActiveCfg = Release|Any CPU
		{328AF536-F82D-448A-81F7-AFB600B05638}.Release|Any CPU.Build.0 = Release|Any CPU
	EndGlobalSection
	GlobalSection(SolutionProperties) = preSolution
		HideSolutionNode = FALSE
	EndGlobalSection
EndGlobal
