
Microsoft Visual Studio Solution File, Format Version 12.00
# Visual Studio 14
VisualStudioVersion = 14.0.25123.0
MinimumVisualStudioVersion = 10.0.40219.1
Project("{FAE04EC0-301F-11D3-BF4B-00C04F79EFBC}") = "01. StrangeLandNumbers", "StrangeLandNumbers\01. StrangeLandNumbers.csproj", "{038D47C9-37F7-4452-BFFA-50637CE78C46}"
EndProject
Project("{FAE04EC0-301F-11D3-BF4B-00C04F79EFBC}") = "02. TwoGirlsOnepath", "TwoGirlsOnepath\02. TwoGirlsOnepath.csproj", "{7F278B2D-E1ED-4CC2-AEFB-4581EBDE6872}"
EndProject
Project("{FAE04EC0-301F-11D3-BF4B-00C04F79EFBC}") = "03. Digits", "Digits\03. Digits.csproj", "{C35FD28A-9976-4EC8-B94F-D23A12D2B769}"
EndProject
Project("{FAE04EC0-301F-11D3-BF4B-00C04F79EFBC}") = "05. DogeCoins", "DogeCoins\05. DogeCoins.csproj", "{BB94789B-AA5B-4C90-99C4-E571C8FE62D7}"
EndProject
Global
	GlobalSection(SolutionConfigurationPlatforms) = preSolution
		Debug|Any CPU = Debug|Any CPU
		Release|Any CPU = Release|Any CPU
	EndGlobalSection
	GlobalSection(ProjectConfigurationPlatforms) = postSolution
		{038D47C9-37F7-4452-BFFA-50637CE78C46}.Debug|Any CPU.ActiveCfg = Debug|Any CPU
		{038D47C9-37F7-4452-BFFA-50637CE78C46}.Debug|Any CPU.Build.0 = Debug|Any CPU
		{038D47C9-37F7-4452-BFFA-50637CE78C46}.Release|Any CPU.ActiveCfg = Release|Any CPU
		{038D47C9-37F7-4452-BFFA-50637CE78C46}.Release|Any CPU.Build.0 = Release|Any CPU
		{7F278B2D-E1ED-4CC2-AEFB-4581EBDE6872}.Debug|Any CPU.ActiveCfg = Debug|Any CPU
		{7F278B2D-E1ED-4CC2-AEFB-4581EBDE6872}.Debug|Any CPU.Build.0 = Debug|Any CPU
		{7F278B2D-E1ED-4CC2-AEFB-4581EBDE6872}.Release|Any CPU.ActiveCfg = Release|Any CPU
		{7F278B2D-E1ED-4CC2-AEFB-4581EBDE6872}.Release|Any CPU.Build.0 = Release|Any CPU
		{C35FD28A-9976-4EC8-B94F-D23A12D2B769}.Debug|Any CPU.ActiveCfg = Debug|Any CPU
		{C35FD28A-9976-4EC8-B94F-D23A12D2B769}.Debug|Any CPU.Build.0 = Debug|Any CPU
		{C35FD28A-9976-4EC8-B94F-D23A12D2B769}.Release|Any CPU.ActiveCfg = Release|Any CPU
		{C35FD28A-9976-4EC8-B94F-D23A12D2B769}.Release|Any CPU.Build.0 = Release|Any CPU
		{BB94789B-AA5B-4C90-99C4-E571C8FE62D7}.Debug|Any CPU.ActiveCfg = Debug|Any CPU
		{BB94789B-AA5B-4C90-99C4-E571C8FE62D7}.Debug|Any CPU.Build.0 = Debug|Any CPU
		{BB94789B-AA5B-4C90-99C4-E571C8FE62D7}.Release|Any CPU.ActiveCfg = Release|Any CPU
		{BB94789B-AA5B-4C90-99C4-E571C8FE62D7}.Release|Any CPU.Build.0 = Release|Any CPU
	EndGlobalSection
	GlobalSection(SolutionProperties) = preSolution
		HideSolutionNode = FALSE
	EndGlobalSection
EndGlobal
