
Microsoft Visual Studio Solution File, Format Version 12.00
# Visual Studio 14
VisualStudioVersion = 14.0.25123.0
MinimumVisualStudioVersion = 10.0.40219.1
Project("{FAE04EC0-301F-11D3-BF4B-00C04F79EFBC}") = "01. AllocateArray", "AllocateArray\01. AllocateArray.csproj", "{BE0232C1-F28D-4B70-B781-C0D68E7CF1A0}"
EndProject
Project("{FAE04EC0-301F-11D3-BF4B-00C04F79EFBC}") = "02. CompareArrays", "CompareArrays\02. CompareArrays.csproj", "{073629D8-5567-443A-88C5-D7B1D88F559B}"
EndProject
Project("{FAE04EC0-301F-11D3-BF4B-00C04F79EFBC}") = "03. CompareCharArrays", "CompareCharArrays\03. CompareCharArrays.csproj", "{CD984751-5DC3-4E8A-955D-00DEAFD0D28D}"
EndProject
Project("{FAE04EC0-301F-11D3-BF4B-00C04F79EFBC}") = "04. MaximalSequence", "MaximalSequence\04. MaximalSequence.csproj", "{4B9BE7ED-F819-4604-8B51-005ACD0A373F}"
EndProject
Project("{FAE04EC0-301F-11D3-BF4B-00C04F79EFBC}") = "05. MaximalIncreasingSequence", "MaximalIncreasingSequence\05. MaximalIncreasingSequence.csproj", "{F914DF41-7936-4889-AA79-F19CF294608F}"
EndProject
Project("{FAE04EC0-301F-11D3-BF4B-00C04F79EFBC}") = "06. MaxKSum", "MaxKSum\06. MaxKSum.csproj", "{B0092997-BCF0-49E6-BAE2-F10B3A65CCC2}"
EndProject
Project("{FAE04EC0-301F-11D3-BF4B-00C04F79EFBC}") = "07. SelectionSort", "SelectionSort\07. SelectionSort.csproj", "{AC8BBB4F-5408-44E6-B7DE-81491C7F51BB}"
EndProject
Project("{FAE04EC0-301F-11D3-BF4B-00C04F79EFBC}") = "08. MaximalSum", "MaximalSum\08. MaximalSum.csproj", "{E7D7A863-A5DC-4604-9E95-6FE2A9EE8B3A}"
EndProject
Project("{FAE04EC0-301F-11D3-BF4B-00C04F79EFBC}") = "09. MostFrequentNumberArray", "MostFrequentNumberArray\09. MostFrequentNumberArray.csproj", "{88AC39DC-78E1-4D1E-B1C2-8C0AF438847B}"
EndProject
Project("{FAE04EC0-301F-11D3-BF4B-00C04F79EFBC}") = "11. BinarySearch", "BinarySearch\11. BinarySearch.csproj", "{7767DDD9-BF46-449F-9485-54513478A594}"
EndProject
Project("{FAE04EC0-301F-11D3-BF4B-00C04F79EFBC}") = "12. IndexOfLetters", "IndexOfLetters\12. IndexOfLetters.csproj", "{99FE457B-0DB9-41B5-BDFB-C8E816645EEF}"
EndProject
Project("{FAE04EC0-301F-11D3-BF4B-00C04F79EFBC}") = "13. MergeSort", "MergeSort\13. MergeSort.csproj", "{6DF96839-27CD-4E5F-BD9E-DC36DF9D2205}"
EndProject
Project("{FAE04EC0-301F-11D3-BF4B-00C04F79EFBC}") = "14. QuickSort", "QuickSort\14. QuickSort.csproj", "{F24E8F90-A0C1-463C-AC10-F82D60BAA346}"
EndProject
Project("{FAE04EC0-301F-11D3-BF4B-00C04F79EFBC}") = "15. PrimeNumbers", "PrimeNumbers\15. PrimeNumbers.csproj", "{616E189A-30CA-43B8-B314-4D628BF26DB2}"
EndProject
Project("{FAE04EC0-301F-11D3-BF4B-00C04F79EFBC}") = "18. RemoveElementsFromArray", "RemoveElementsFromArray\18. RemoveElementsFromArray.csproj", "{159A50FA-80EE-4FA3-B1E7-251389A29B39}"
EndProject
Global
	GlobalSection(SolutionConfigurationPlatforms) = preSolution
		Debug|Any CPU = Debug|Any CPU
		Release|Any CPU = Release|Any CPU
	EndGlobalSection
	GlobalSection(ProjectConfigurationPlatforms) = postSolution
		{BE0232C1-F28D-4B70-B781-C0D68E7CF1A0}.Debug|Any CPU.ActiveCfg = Debug|Any CPU
		{BE0232C1-F28D-4B70-B781-C0D68E7CF1A0}.Debug|Any CPU.Build.0 = Debug|Any CPU
		{BE0232C1-F28D-4B70-B781-C0D68E7CF1A0}.Release|Any CPU.ActiveCfg = Release|Any CPU
		{BE0232C1-F28D-4B70-B781-C0D68E7CF1A0}.Release|Any CPU.Build.0 = Release|Any CPU
		{073629D8-5567-443A-88C5-D7B1D88F559B}.Debug|Any CPU.ActiveCfg = Debug|Any CPU
		{073629D8-5567-443A-88C5-D7B1D88F559B}.Debug|Any CPU.Build.0 = Debug|Any CPU
		{073629D8-5567-443A-88C5-D7B1D88F559B}.Release|Any CPU.ActiveCfg = Release|Any CPU
		{073629D8-5567-443A-88C5-D7B1D88F559B}.Release|Any CPU.Build.0 = Release|Any CPU
		{CD984751-5DC3-4E8A-955D-00DEAFD0D28D}.Debug|Any CPU.ActiveCfg = Debug|Any CPU
		{CD984751-5DC3-4E8A-955D-00DEAFD0D28D}.Debug|Any CPU.Build.0 = Debug|Any CPU
		{CD984751-5DC3-4E8A-955D-00DEAFD0D28D}.Release|Any CPU.ActiveCfg = Release|Any CPU
		{CD984751-5DC3-4E8A-955D-00DEAFD0D28D}.Release|Any CPU.Build.0 = Release|Any CPU
		{4B9BE7ED-F819-4604-8B51-005ACD0A373F}.Debug|Any CPU.ActiveCfg = Debug|Any CPU
		{4B9BE7ED-F819-4604-8B51-005ACD0A373F}.Debug|Any CPU.Build.0 = Debug|Any CPU
		{4B9BE7ED-F819-4604-8B51-005ACD0A373F}.Release|Any CPU.ActiveCfg = Release|Any CPU
		{4B9BE7ED-F819-4604-8B51-005ACD0A373F}.Release|Any CPU.Build.0 = Release|Any CPU
		{F914DF41-7936-4889-AA79-F19CF294608F}.Debug|Any CPU.ActiveCfg = Debug|Any CPU
		{F914DF41-7936-4889-AA79-F19CF294608F}.Debug|Any CPU.Build.0 = Debug|Any CPU
		{F914DF41-7936-4889-AA79-F19CF294608F}.Release|Any CPU.ActiveCfg = Release|Any CPU
		{F914DF41-7936-4889-AA79-F19CF294608F}.Release|Any CPU.Build.0 = Release|Any CPU
		{B0092997-BCF0-49E6-BAE2-F10B3A65CCC2}.Debug|Any CPU.ActiveCfg = Debug|Any CPU
		{B0092997-BCF0-49E6-BAE2-F10B3A65CCC2}.Debug|Any CPU.Build.0 = Debug|Any CPU
		{B0092997-BCF0-49E6-BAE2-F10B3A65CCC2}.Release|Any CPU.ActiveCfg = Release|Any CPU
		{B0092997-BCF0-49E6-BAE2-F10B3A65CCC2}.Release|Any CPU.Build.0 = Release|Any CPU
		{AC8BBB4F-5408-44E6-B7DE-81491C7F51BB}.Debug|Any CPU.ActiveCfg = Debug|Any CPU
		{AC8BBB4F-5408-44E6-B7DE-81491C7F51BB}.Debug|Any CPU.Build.0 = Debug|Any CPU
		{AC8BBB4F-5408-44E6-B7DE-81491C7F51BB}.Release|Any CPU.ActiveCfg = Release|Any CPU
		{AC8BBB4F-5408-44E6-B7DE-81491C7F51BB}.Release|Any CPU.Build.0 = Release|Any CPU
		{E7D7A863-A5DC-4604-9E95-6FE2A9EE8B3A}.Debug|Any CPU.ActiveCfg = Debug|Any CPU
		{E7D7A863-A5DC-4604-9E95-6FE2A9EE8B3A}.Debug|Any CPU.Build.0 = Debug|Any CPU
		{E7D7A863-A5DC-4604-9E95-6FE2A9EE8B3A}.Release|Any CPU.ActiveCfg = Release|Any CPU
		{E7D7A863-A5DC-4604-9E95-6FE2A9EE8B3A}.Release|Any CPU.Build.0 = Release|Any CPU
		{88AC39DC-78E1-4D1E-B1C2-8C0AF438847B}.Debug|Any CPU.ActiveCfg = Debug|Any CPU
		{88AC39DC-78E1-4D1E-B1C2-8C0AF438847B}.Debug|Any CPU.Build.0 = Debug|Any CPU
		{88AC39DC-78E1-4D1E-B1C2-8C0AF438847B}.Release|Any CPU.ActiveCfg = Release|Any CPU
		{88AC39DC-78E1-4D1E-B1C2-8C0AF438847B}.Release|Any CPU.Build.0 = Release|Any CPU
		{7767DDD9-BF46-449F-9485-54513478A594}.Debug|Any CPU.ActiveCfg = Debug|Any CPU
		{7767DDD9-BF46-449F-9485-54513478A594}.Debug|Any CPU.Build.0 = Debug|Any CPU
		{7767DDD9-BF46-449F-9485-54513478A594}.Release|Any CPU.ActiveCfg = Release|Any CPU
		{7767DDD9-BF46-449F-9485-54513478A594}.Release|Any CPU.Build.0 = Release|Any CPU
		{99FE457B-0DB9-41B5-BDFB-C8E816645EEF}.Debug|Any CPU.ActiveCfg = Debug|Any CPU
		{99FE457B-0DB9-41B5-BDFB-C8E816645EEF}.Debug|Any CPU.Build.0 = Debug|Any CPU
		{99FE457B-0DB9-41B5-BDFB-C8E816645EEF}.Release|Any CPU.ActiveCfg = Release|Any CPU
		{99FE457B-0DB9-41B5-BDFB-C8E816645EEF}.Release|Any CPU.Build.0 = Release|Any CPU
		{6DF96839-27CD-4E5F-BD9E-DC36DF9D2205}.Debug|Any CPU.ActiveCfg = Debug|Any CPU
		{6DF96839-27CD-4E5F-BD9E-DC36DF9D2205}.Debug|Any CPU.Build.0 = Debug|Any CPU
		{6DF96839-27CD-4E5F-BD9E-DC36DF9D2205}.Release|Any CPU.ActiveCfg = Release|Any CPU
		{6DF96839-27CD-4E5F-BD9E-DC36DF9D2205}.Release|Any CPU.Build.0 = Release|Any CPU
		{F24E8F90-A0C1-463C-AC10-F82D60BAA346}.Debug|Any CPU.ActiveCfg = Debug|Any CPU
		{F24E8F90-A0C1-463C-AC10-F82D60BAA346}.Debug|Any CPU.Build.0 = Debug|Any CPU
		{F24E8F90-A0C1-463C-AC10-F82D60BAA346}.Release|Any CPU.ActiveCfg = Release|Any CPU
		{F24E8F90-A0C1-463C-AC10-F82D60BAA346}.Release|Any CPU.Build.0 = Release|Any CPU
		{616E189A-30CA-43B8-B314-4D628BF26DB2}.Debug|Any CPU.ActiveCfg = Debug|Any CPU
		{616E189A-30CA-43B8-B314-4D628BF26DB2}.Debug|Any CPU.Build.0 = Debug|Any CPU
		{616E189A-30CA-43B8-B314-4D628BF26DB2}.Release|Any CPU.ActiveCfg = Release|Any CPU
		{616E189A-30CA-43B8-B314-4D628BF26DB2}.Release|Any CPU.Build.0 = Release|Any CPU
		{159A50FA-80EE-4FA3-B1E7-251389A29B39}.Debug|Any CPU.ActiveCfg = Debug|Any CPU
		{159A50FA-80EE-4FA3-B1E7-251389A29B39}.Debug|Any CPU.Build.0 = Debug|Any CPU
		{159A50FA-80EE-4FA3-B1E7-251389A29B39}.Release|Any CPU.ActiveCfg = Release|Any CPU
		{159A50FA-80EE-4FA3-B1E7-251389A29B39}.Release|Any CPU.Build.0 = Release|Any CPU
	EndGlobalSection
	GlobalSection(SolutionProperties) = preSolution
		HideSolutionNode = FALSE
	EndGlobalSection
EndGlobal
