
Microsoft Visual Studio Solution File, Format Version 12.00
# Visual Studio 14
VisualStudioVersion = 14.0.25123.0
MinimumVisualStudioVersion = 10.0.40219.1
Project("{FAE04EC0-301F-11D3-BF4B-00C04F79EFBC}") = "01. DeCatCoding", "DeCatCoding\01. DeCatCoding.csproj", "{9FBF0F9B-BB4C-4838-B685-C0A584F80C5E}"
EndProject
Project("{FAE04EC0-301F-11D3-BF4B-00C04F79EFBC}") = "02. IncreasingAbsoluteDifferences", "IncreasingAbsoluteDifferences\02. IncreasingAbsoluteDifferences.csproj", "{231E2040-9930-4455-B0A4-B226AA3168BB}"
EndProject
Global
	GlobalSection(SolutionConfigurationPlatforms) = preSolution
		Debug|Any CPU = Debug|Any CPU
		Release|Any CPU = Release|Any CPU
	EndGlobalSection
	GlobalSection(ProjectConfigurationPlatforms) = postSolution
		{9FBF0F9B-BB4C-4838-B685-C0A584F80C5E}.Debug|Any CPU.ActiveCfg = Debug|Any CPU
		{9FBF0F9B-BB4C-4838-B685-C0A584F80C5E}.Debug|Any CPU.Build.0 = Debug|Any CPU
		{9FBF0F9B-BB4C-4838-B685-C0A584F80C5E}.Release|Any CPU.ActiveCfg = Release|Any CPU
		{9FBF0F9B-BB4C-4838-B685-C0A584F80C5E}.Release|Any CPU.Build.0 = Release|Any CPU
		{231E2040-9930-4455-B0A4-B226AA3168BB}.Debug|Any CPU.ActiveCfg = Debug|Any CPU
		{231E2040-9930-4455-B0A4-B226AA3168BB}.Debug|Any CPU.Build.0 = Debug|Any CPU
		{231E2040-9930-4455-B0A4-B226AA3168BB}.Release|Any CPU.ActiveCfg = Release|Any CPU
		{231E2040-9930-4455-B0A4-B226AA3168BB}.Release|Any CPU.Build.0 = Release|Any CPU
	EndGlobalSection
	GlobalSection(SolutionProperties) = preSolution
		HideSolutionNode = FALSE
	EndGlobalSection
EndGlobal
