
Microsoft Visual Studio Solution File, Format Version 12.00
# Visual Studio 14
VisualStudioVersion = 14.0.25123.0
MinimumVisualStudioVersion = 10.0.40219.1
Project("{FAE04EC0-301F-11D3-BF4B-00C04F79EFBC}") = "01. SayHello", "SayHello\01. SayHello.csproj", "{293FA0B3-7BF0-4099-A78D-3C5E6B3BA0C2}"
EndProject
Project("{FAE04EC0-301F-11D3-BF4B-00C04F79EFBC}") = "02. LargestNumber", "LargestNumber\02. LargestNumber.csproj", "{211E6348-7920-49D9-9F4F-08F15091FBD6}"
EndProject
Project("{FAE04EC0-301F-11D3-BF4B-00C04F79EFBC}") = "03. EnglishDigit", "EnglishDigit\03. EnglishDigit.csproj", "{07C8F297-A108-49BC-B9DD-CBCDB21198C5}"
EndProject
Project("{FAE04EC0-301F-11D3-BF4B-00C04F79EFBC}") = "04. AppearanceCount", "AppearanceCount\04. AppearanceCount.csproj", "{5D8FBDFB-DFB6-4192-A3BE-3A8BB5BCD822}"
EndProject
Project("{FAE04EC0-301F-11D3-BF4B-00C04F79EFBC}") = "05. LargerThanNeighbour", "LargerThanNeighbour\05. LargerThanNeighbour.csproj", "{346D91E9-CCB7-4F54-90A2-E29884581A9A}"
EndProject
Project("{FAE04EC0-301F-11D3-BF4B-00C04F79EFBC}") = "06. FirstLargerThanNeighbours", "FirstLargerThanNeighbours\06. FirstLargerThanNeighbours.csproj", "{7C2FA577-64FF-4037-BE50-406C88B1E36E}"
EndProject
Project("{FAE04EC0-301F-11D3-BF4B-00C04F79EFBC}") = "07. ReverseNumber", "ReverseNumber\07. ReverseNumber.csproj", "{CE91245D-EF22-4053-B91D-A698581C80D0}"
EndProject
Project("{FAE04EC0-301F-11D3-BF4B-00C04F79EFBC}") = "08. NumbersAsArrays", "NumbersAsArrays\08. NumbersAsArrays.csproj", "{0584647B-80E1-4B74-9230-6EC713DF3FE3}"
EndProject
Project("{FAE04EC0-301F-11D3-BF4B-00C04F79EFBC}") = "09. SortingArray", "SortingArray\09. SortingArray.csproj", "{13CCB60B-D150-41D1-83F1-664C90D3B8DA}"
EndProject
Project("{FAE04EC0-301F-11D3-BF4B-00C04F79EFBC}") = "10. NFactorial", "NFactorial\10. NFactorial.csproj", "{A44983AD-38A4-4415-AC6F-6A364F5AB1AA}"
EndProject
Project("{FAE04EC0-301F-11D3-BF4B-00C04F79EFBC}") = "11. AddingPolynomials", "AddingPolynomials\11. AddingPolynomials.csproj", "{9412ECF7-73B1-4E52-97F4-D75544308A2D}"
EndProject
Project("{FAE04EC0-301F-11D3-BF4B-00C04F79EFBC}") = "14. IntegerCalculations", "IntegerCalculations\14. IntegerCalculations.csproj", "{41984164-D217-47A8-B844-6EC92D34113B}"
EndProject
Project("{FAE04EC0-301F-11D3-BF4B-00C04F79EFBC}") = "12. SubtractingPolynomials", "SubtractingPolynomials\12. SubtractingPolynomials.csproj", "{3E377226-A752-4A34-A329-B880E7242902}"
EndProject
Global
	GlobalSection(SolutionConfigurationPlatforms) = preSolution
		Debug|Any CPU = Debug|Any CPU
		Release|Any CPU = Release|Any CPU
	EndGlobalSection
	GlobalSection(ProjectConfigurationPlatforms) = postSolution
		{293FA0B3-7BF0-4099-A78D-3C5E6B3BA0C2}.Debug|Any CPU.ActiveCfg = Debug|Any CPU
		{293FA0B3-7BF0-4099-A78D-3C5E6B3BA0C2}.Debug|Any CPU.Build.0 = Debug|Any CPU
		{293FA0B3-7BF0-4099-A78D-3C5E6B3BA0C2}.Release|Any CPU.ActiveCfg = Release|Any CPU
		{293FA0B3-7BF0-4099-A78D-3C5E6B3BA0C2}.Release|Any CPU.Build.0 = Release|Any CPU
		{211E6348-7920-49D9-9F4F-08F15091FBD6}.Debug|Any CPU.ActiveCfg = Debug|Any CPU
		{211E6348-7920-49D9-9F4F-08F15091FBD6}.Debug|Any CPU.Build.0 = Debug|Any CPU
		{211E6348-7920-49D9-9F4F-08F15091FBD6}.Release|Any CPU.ActiveCfg = Release|Any CPU
		{211E6348-7920-49D9-9F4F-08F15091FBD6}.Release|Any CPU.Build.0 = Release|Any CPU
		{07C8F297-A108-49BC-B9DD-CBCDB21198C5}.Debug|Any CPU.ActiveCfg = Debug|Any CPU
		{07C8F297-A108-49BC-B9DD-CBCDB21198C5}.Debug|Any CPU.Build.0 = Debug|Any CPU
		{07C8F297-A108-49BC-B9DD-CBCDB21198C5}.Release|Any CPU.ActiveCfg = Release|Any CPU
		{07C8F297-A108-49BC-B9DD-CBCDB21198C5}.Release|Any CPU.Build.0 = Release|Any CPU
		{5D8FBDFB-DFB6-4192-A3BE-3A8BB5BCD822}.Debug|Any CPU.ActiveCfg = Debug|Any CPU
		{5D8FBDFB-DFB6-4192-A3BE-3A8BB5BCD822}.Debug|Any CPU.Build.0 = Debug|Any CPU
		{5D8FBDFB-DFB6-4192-A3BE-3A8BB5BCD822}.Release|Any CPU.ActiveCfg = Release|Any CPU
		{5D8FBDFB-DFB6-4192-A3BE-3A8BB5BCD822}.Release|Any CPU.Build.0 = Release|Any CPU
		{346D91E9-CCB7-4F54-90A2-E29884581A9A}.Debug|Any CPU.ActiveCfg = Debug|Any CPU
		{346D91E9-CCB7-4F54-90A2-E29884581A9A}.Debug|Any CPU.Build.0 = Debug|Any CPU
		{346D91E9-CCB7-4F54-90A2-E29884581A9A}.Release|Any CPU.ActiveCfg = Release|Any CPU
		{346D91E9-CCB7-4F54-90A2-E29884581A9A}.Release|Any CPU.Build.0 = Release|Any CPU
		{7C2FA577-64FF-4037-BE50-406C88B1E36E}.Debug|Any CPU.ActiveCfg = Debug|Any CPU
		{7C2FA577-64FF-4037-BE50-406C88B1E36E}.Debug|Any CPU.Build.0 = Debug|Any CPU
		{7C2FA577-64FF-4037-BE50-406C88B1E36E}.Release|Any CPU.ActiveCfg = Release|Any CPU
		{7C2FA577-64FF-4037-BE50-406C88B1E36E}.Release|Any CPU.Build.0 = Release|Any CPU
		{CE91245D-EF22-4053-B91D-A698581C80D0}.Debug|Any CPU.ActiveCfg = Debug|Any CPU
		{CE91245D-EF22-4053-B91D-A698581C80D0}.Debug|Any CPU.Build.0 = Debug|Any CPU
		{CE91245D-EF22-4053-B91D-A698581C80D0}.Release|Any CPU.ActiveCfg = Release|Any CPU
		{CE91245D-EF22-4053-B91D-A698581C80D0}.Release|Any CPU.Build.0 = Release|Any CPU
		{0584647B-80E1-4B74-9230-6EC713DF3FE3}.Debug|Any CPU.ActiveCfg = Debug|Any CPU
		{0584647B-80E1-4B74-9230-6EC713DF3FE3}.Debug|Any CPU.Build.0 = Debug|Any CPU
		{0584647B-80E1-4B74-9230-6EC713DF3FE3}.Release|Any CPU.ActiveCfg = Release|Any CPU
		{0584647B-80E1-4B74-9230-6EC713DF3FE3}.Release|Any CPU.Build.0 = Release|Any CPU
		{13CCB60B-D150-41D1-83F1-664C90D3B8DA}.Debug|Any CPU.ActiveCfg = Debug|Any CPU
		{13CCB60B-D150-41D1-83F1-664C90D3B8DA}.Debug|Any CPU.Build.0 = Debug|Any CPU
		{13CCB60B-D150-41D1-83F1-664C90D3B8DA}.Release|Any CPU.ActiveCfg = Release|Any CPU
		{13CCB60B-D150-41D1-83F1-664C90D3B8DA}.Release|Any CPU.Build.0 = Release|Any CPU
		{A44983AD-38A4-4415-AC6F-6A364F5AB1AA}.Debug|Any CPU.ActiveCfg = Debug|Any CPU
		{A44983AD-38A4-4415-AC6F-6A364F5AB1AA}.Debug|Any CPU.Build.0 = Debug|Any CPU
		{A44983AD-38A4-4415-AC6F-6A364F5AB1AA}.Release|Any CPU.ActiveCfg = Release|Any CPU
		{A44983AD-38A4-4415-AC6F-6A364F5AB1AA}.Release|Any CPU.Build.0 = Release|Any CPU
		{9412ECF7-73B1-4E52-97F4-D75544308A2D}.Debug|Any CPU.ActiveCfg = Debug|Any CPU
		{9412ECF7-73B1-4E52-97F4-D75544308A2D}.Debug|Any CPU.Build.0 = Debug|Any CPU
		{9412ECF7-73B1-4E52-97F4-D75544308A2D}.Release|Any CPU.ActiveCfg = Release|Any CPU
		{9412ECF7-73B1-4E52-97F4-D75544308A2D}.Release|Any CPU.Build.0 = Release|Any CPU
		{41984164-D217-47A8-B844-6EC92D34113B}.Debug|Any CPU.ActiveCfg = Debug|Any CPU
		{41984164-D217-47A8-B844-6EC92D34113B}.Debug|Any CPU.Build.0 = Debug|Any CPU
		{41984164-D217-47A8-B844-6EC92D34113B}.Release|Any CPU.ActiveCfg = Release|Any CPU
		{41984164-D217-47A8-B844-6EC92D34113B}.Release|Any CPU.Build.0 = Release|Any CPU
		{3E377226-A752-4A34-A329-B880E7242902}.Debug|Any CPU.ActiveCfg = Debug|Any CPU
		{3E377226-A752-4A34-A329-B880E7242902}.Debug|Any CPU.Build.0 = Debug|Any CPU
		{3E377226-A752-4A34-A329-B880E7242902}.Release|Any CPU.ActiveCfg = Release|Any CPU
		{3E377226-A752-4A34-A329-B880E7242902}.Release|Any CPU.Build.0 = Release|Any CPU
	EndGlobalSection
	GlobalSection(SolutionProperties) = preSolution
		HideSolutionNode = FALSE
	EndGlobalSection
EndGlobal
